
Microsoft Visual Studio Solution File, Format Version 12.00
# Visual Studio Version 16
VisualStudioVersion = 16.0.30907.101
MinimumVisualStudioVersion = 10.0.40219.1
Project("{FAE04EC0-301F-11D3-BF4B-00C04F79EFBC}") = "StockTracker.Server", "StockTracker\Server\StockTracker.Server.csproj", "{52CD964B-6E9C-4AD4-BCAB-5323B5E96F7E}"
EndProject
Project("{FAE04EC0-301F-11D3-BF4B-00C04F79EFBC}") = "StockTracker.Client", "StockTracker\Client\StockTracker.Client.csproj", "{D65BAE13-9146-4765-8CC7-6AC2B1F77CA1}"
EndProject
Project("{FAE04EC0-301F-11D3-BF4B-00C04F79EFBC}") = "StockTracker.Shared", "StockTracker\Shared\StockTracker.Shared.csproj", "{1A41ACE1-6867-4312-BB51-C0DF75DC1D12}"
EndProject
Global
	GlobalSection(SolutionConfigurationPlatforms) = preSolution
		Debug|Any CPU = Debug|Any CPU
		Release|Any CPU = Release|Any CPU
	EndGlobalSection
	GlobalSection(ProjectConfigurationPlatforms) = postSolution
		{52CD964B-6E9C-4AD4-BCAB-5323B5E96F7E}.Debug|Any CPU.ActiveCfg = Debug|Any CPU
		{52CD964B-6E9C-4AD4-BCAB-5323B5E96F7E}.Debug|Any CPU.Build.0 = Debug|Any CPU
		{52CD964B-6E9C-4AD4-BCAB-5323B5E96F7E}.Release|Any CPU.ActiveCfg = Release|Any CPU
		{52CD964B-6E9C-4AD4-BCAB-5323B5E96F7E}.Release|Any CPU.Build.0 = Release|Any CPU
		{D65BAE13-9146-4765-8CC7-6AC2B1F77CA1}.Debug|Any CPU.ActiveCfg = Debug|Any CPU
		{D65BAE13-9146-4765-8CC7-6AC2B1F77CA1}.Debug|Any CPU.Build.0 = Debug|Any CPU
		{D65BAE13-9146-4765-8CC7-6AC2B1F77CA1}.Release|Any CPU.ActiveCfg = Release|Any CPU
		{D65BAE13-9146-4765-8CC7-6AC2B1F77CA1}.Release|Any CPU.Build.0 = Release|Any CPU
		{1A41ACE1-6867-4312-BB51-C0DF75DC1D12}.Debug|Any CPU.ActiveCfg = Debug|Any CPU
		{1A41ACE1-6867-4312-BB51-C0DF75DC1D12}.Debug|Any CPU.Build.0 = Debug|Any CPU
		{1A41ACE1-6867-4312-BB51-C0DF75DC1D12}.Release|Any CPU.ActiveCfg = Release|Any CPU
		{1A41ACE1-6867-4312-BB51-C0DF75DC1D12}.Release|Any CPU.Build.0 = Release|Any CPU
	EndGlobalSection
	GlobalSection(SolutionProperties) = preSolution
		HideSolutionNode = FALSE
	EndGlobalSection
	GlobalSection(ExtensibilityGlobals) = postSolution
		SolutionGuid = {23414397-71EA-4B3B-81C8-E77794BC4412}
	EndGlobalSection
EndGlobal
